// !$*UTF8*$!
{
	archiveVersion = 1;
	classes = {
	};
	objectVersion = 60;
	objects = {

/* Begin PBXBuildFile section */
		9B125B5C1FCF967800529304 /* KeychainTests.swift in Sources */ = {isa = PBXBuildFile; fileRef = 9B125B5A1FCF967000529304 /* KeychainTests.swift */; };
		9B125BBA1FD36F3B00529304 /* AppDelegate.swift in Sources */ = {isa = PBXBuildFile; fileRef = 9B125BB91FD36F3B00529304 /* AppDelegate.swift */; };
		9B8F39381FD46861005AA8EB /* KeychainAccessibleOptionTests.swift in Sources */ = {isa = PBXBuildFile; fileRef = 9B8F39371FD46861005AA8EB /* KeychainAccessibleOptionTests.swift */; };
		9B8F393B1FD4764F005AA8EB /* KeychainErrorTests.swift in Sources */ = {isa = PBXBuildFile; fileRef = 9B8F393A1FD4764F005AA8EB /* KeychainErrorTests.swift */; };
		D95A4CE82B0AAB2800D5C9BC /* CodableKeychain in Frameworks */ = {isa = PBXBuildFile; productRef = D95A4CE72B0AAB2800D5C9BC /* CodableKeychain */; };
/* End PBXBuildFile section */

/* Begin PBXContainerItemProxy section */
		9B125BC91FD36F5900529304 /* PBXContainerItemProxy */ = {
			isa = PBXContainerItemProxy;
			containerPortal = 9B125B331FCF95CB00529304 /* Project object */;
			proxyType = 1;
			remoteGlobalIDString = 9B125BB61FD36F3B00529304;
			remoteInfo = KeychainTest;
		};
/* End PBXContainerItemProxy section */

/* Begin PBXFileReference section */
		9B125B451FCF95CB00529304 /* CodableKeychainMobileTests.xctest */ = {isa = PBXFileReference; explicitFileType = wrapper.cfbundle; includeInIndex = 0; path = CodableKeychainMobileTests.xctest; sourceTree = BUILT_PRODUCTS_DIR; };
		9B125B5A1FCF967000529304 /* KeychainTests.swift */ = {isa = PBXFileReference; lastKnownFileType = sourcecode.swift; path = KeychainTests.swift; sourceTree = "<group>"; };
		9B125BB71FD36F3B00529304 /* MobileHost.app */ = {isa = PBXFileReference; explicitFileType = wrapper.application; includeInIndex = 0; path = MobileHost.app; sourceTree = BUILT_PRODUCTS_DIR; };
		9B125BB91FD36F3B00529304 /* AppDelegate.swift */ = {isa = PBXFileReference; lastKnownFileType = sourcecode.swift; path = AppDelegate.swift; sourceTree = "<group>"; };
		9B125BCB1FD376C600529304 /* MobileHost.entitlements */ = {isa = PBXFileReference; lastKnownFileType = text.plist.entitlements; path = MobileHost.entitlements; sourceTree = "<group>"; };
		9B8F39371FD46861005AA8EB /* KeychainAccessibleOptionTests.swift */ = {isa = PBXFileReference; lastKnownFileType = sourcecode.swift; path = KeychainAccessibleOptionTests.swift; sourceTree = "<group>"; };
		9B8F393A1FD4764F005AA8EB /* KeychainErrorTests.swift */ = {isa = PBXFileReference; lastKnownFileType = sourcecode.swift; path = KeychainErrorTests.swift; sourceTree = "<group>"; };
/* End PBXFileReference section */

/* Begin PBXFrameworksBuildPhase section */
		9B125B421FCF95CB00529304 /* Frameworks */ = {
			isa = PBXFrameworksBuildPhase;
			buildActionMask = 2147483647;
			files = (
			);
			runOnlyForDeploymentPostprocessing = 0;
		};
		9B125BB41FD36F3B00529304 /* Frameworks */ = {
			isa = PBXFrameworksBuildPhase;
			buildActionMask = 2147483647;
			files = (
				D95A4CE82B0AAB2800D5C9BC /* CodableKeychain in Frameworks */,
			);
			runOnlyForDeploymentPostprocessing = 0;
		};
/* End PBXFrameworksBuildPhase section */

/* Begin PBXGroup section */
		9B125B321FCF95CB00529304 = {
			isa = PBXGroup;
			children = (
				9B125B591FCF967000529304 /* Tests */,
				9B125BB81FD36F3B00529304 /* MobileHost */,
				9B125B3D1FCF95CB00529304 /* Products */,
			);
			sourceTree = "<group>";
		};
		9B125B3D1FCF95CB00529304 /* Products */ = {
			isa = PBXGroup;
			children = (
				9B125B451FCF95CB00529304 /* CodableKeychainMobileTests.xctest */,
				9B125BB71FD36F3B00529304 /* MobileHost.app */,
			);
			name = Products;
			sourceTree = "<group>";
		};
		9B125B591FCF967000529304 /* Tests */ = {
			isa = PBXGroup;
			children = (
				9B125B5A1FCF967000529304 /* KeychainTests.swift */,
				9B8F39371FD46861005AA8EB /* KeychainAccessibleOptionTests.swift */,
				9B8F393A1FD4764F005AA8EB /* KeychainErrorTests.swift */,
			);
			name = Tests;
			path = ../Tests;
			sourceTree = "<group>";
		};
		9B125BB81FD36F3B00529304 /* MobileHost */ = {
			isa = PBXGroup;
			children = (
				9B125BCB1FD376C600529304 /* MobileHost.entitlements */,
				9B125BB91FD36F3B00529304 /* AppDelegate.swift */,
			);
			name = MobileHost;
			sourceTree = "<group>";
		};
/* End PBXGroup section */

/* Begin PBXNativeTarget section */
		9B125B441FCF95CB00529304 /* CodableKeychainMobileTests */ = {
			isa = PBXNativeTarget;
			buildConfigurationList = 9B125B531FCF95CB00529304 /* Build configuration list for PBXNativeTarget "CodableKeychainMobileTests" */;
			buildPhases = (
				9B125B411FCF95CB00529304 /* Sources */,
				9B125B421FCF95CB00529304 /* Frameworks */,
				9B125B431FCF95CB00529304 /* Resources */,
			);
			buildRules = (
			);
			dependencies = (
				9B125BCA1FD36F5900529304 /* PBXTargetDependency */,
			);
			name = CodableKeychainMobileTests;
			productName = CodableKeychainTests;
			productReference = 9B125B451FCF95CB00529304 /* CodableKeychainMobileTests.xctest */;
			productType = "com.apple.product-type.bundle.unit-test";
		};
		9B125BB61FD36F3B00529304 /* MobileHost */ = {
			isa = PBXNativeTarget;
			buildConfigurationList = 9B125BC61FD36F3B00529304 /* Build configuration list for PBXNativeTarget "MobileHost" */;
			buildPhases = (
				9B125BB31FD36F3B00529304 /* Sources */,
				9B125BB41FD36F3B00529304 /* Frameworks */,
				9B125BB51FD36F3B00529304 /* Resources */,
			);
			buildRules = (
			);
			dependencies = (
			);
			name = MobileHost;
			packageProductDependencies = (
				D95A4CE72B0AAB2800D5C9BC /* CodableKeychain */,
			);
			productName = KeychainTest;
			productReference = 9B125BB71FD36F3B00529304 /* MobileHost.app */;
			productType = "com.apple.product-type.application";
		};
/* End PBXNativeTarget section */

/* Begin PBXProject section */
		9B125B331FCF95CB00529304 /* Project object */ = {
			isa = PBXProject;
			attributes = {
				BuildIndependentTargetsInParallel = YES;
				LastSwiftUpdateCheck = 0910;
				LastUpgradeCheck = 1510;
				ORGANIZATIONNAME = "Todd Kramer";
				TargetAttributes = {
					9B125B441FCF95CB00529304 = {
						CreatedOnToolsVersion = 9.0;
						LastSwiftMigration = 1010;
						ProvisioningStyle = Automatic;
						TestTargetID = 9B125BB61FD36F3B00529304;
					};
					9B125BB61FD36F3B00529304 = {
						CreatedOnToolsVersion = 9.0;
						LastSwiftMigration = 1010;
						ProvisioningStyle = Automatic;
						SystemCapabilities = {
							com.apple.Keychain = {
								enabled = 1;
							};
						};
					};
				};
			};
			buildConfigurationList = 9B125B361FCF95CB00529304 /* Build configuration list for PBXProject "CodableKeychain" */;
			compatibilityVersion = "Xcode 13.0";
			developmentRegion = en;
			hasScannedForEncodings = 0;
			knownRegions = (
				en,
				Base,
			);
			mainGroup = 9B125B321FCF95CB00529304;
			packageReferences = (
				D95A4CE62B0AAB2800D5C9BC /* XCLocalSwiftPackageReference ".." */,
			);
			productRefGroup = 9B125B3D1FCF95CB00529304 /* Products */;
			projectDirPath = "";
			projectRoot = "";
			targets = (
				9B125B441FCF95CB00529304 /* CodableKeychainMobileTests */,
				9B125BB61FD36F3B00529304 /* MobileHost */,
			);
		};
/* End PBXProject section */

/* Begin PBXResourcesBuildPhase section */
		9B125B431FCF95CB00529304 /* Resources */ = {
			isa = PBXResourcesBuildPhase;
			buildActionMask = 2147483647;
			files = (
			);
			runOnlyForDeploymentPostprocessing = 0;
		};
		9B125BB51FD36F3B00529304 /* Resources */ = {
			isa = PBXResourcesBuildPhase;
			buildActionMask = 2147483647;
			files = (
			);
			runOnlyForDeploymentPostprocessing = 0;
		};
/* End PBXResourcesBuildPhase section */

/* Begin PBXSourcesBuildPhase section */
		9B125B411FCF95CB00529304 /* Sources */ = {
			isa = PBXSourcesBuildPhase;
			buildActionMask = 2147483647;
			files = (
				9B8F39381FD46861005AA8EB /* KeychainAccessibleOptionTests.swift in Sources */,
				9B8F393B1FD4764F005AA8EB /* KeychainErrorTests.swift in Sources */,
				9B125B5C1FCF967800529304 /* KeychainTests.swift in Sources */,
			);
			runOnlyForDeploymentPostprocessing = 0;
		};
		9B125BB31FD36F3B00529304 /* Sources */ = {
			isa = PBXSourcesBuildPhase;
			buildActionMask = 2147483647;
			files = (
				9B125BBA1FD36F3B00529304 /* AppDelegate.swift in Sources */,
			);
			runOnlyForDeploymentPostprocessing = 0;
		};
/* End PBXSourcesBuildPhase section */

/* Begin PBXTargetDependency section */
		9B125BCA1FD36F5900529304 /* PBXTargetDependency */ = {
			isa = PBXTargetDependency;
			target = 9B125BB61FD36F3B00529304 /* MobileHost */;
			targetProxy = 9B125BC91FD36F5900529304 /* PBXContainerItemProxy */;
		};
/* End PBXTargetDependency section */

/* Begin XCBuildConfiguration section */
		9B125B4E1FCF95CB00529304 /* Debug */ = {
			isa = XCBuildConfiguration;
			buildSettings = {
				ALWAYS_SEARCH_USER_PATHS = NO;
				CLANG_ANALYZER_NONNULL = YES;
				CLANG_ANALYZER_NUMBER_OBJECT_CONVERSION = YES_AGGRESSIVE;
				CLANG_ENABLE_MODULES = YES;
				CLANG_ENABLE_OBJC_ARC = YES;
				CLANG_WARN_BLOCK_CAPTURE_AUTORELEASING = YES;
				CLANG_WARN_BOOL_CONVERSION = YES;
				CLANG_WARN_COMMA = YES;
				CLANG_WARN_CONSTANT_CONVERSION = YES;
				CLANG_WARN_DEPRECATED_OBJC_IMPLEMENTATIONS = YES;
				CLANG_WARN_DIRECT_OBJC_ISA_USAGE = YES_ERROR;
				CLANG_WARN_DOCUMENTATION_COMMENTS = YES;
				CLANG_WARN_EMPTY_BODY = YES;
				CLANG_WARN_ENUM_CONVERSION = YES;
				CLANG_WARN_INFINITE_RECURSION = YES;
				CLANG_WARN_INT_CONVERSION = YES;
				CLANG_WARN_NON_LITERAL_NULL_CONVERSION = YES;
				CLANG_WARN_OBJC_IMPLICIT_RETAIN_SELF = YES;
				CLANG_WARN_OBJC_LITERAL_CONVERSION = YES;
				CLANG_WARN_OBJC_ROOT_CLASS = YES_ERROR;
				CLANG_WARN_QUOTED_INCLUDE_IN_FRAMEWORK_HEADER = YES;
				CLANG_WARN_RANGE_LOOP_ANALYSIS = YES;
				CLANG_WARN_STRICT_PROTOTYPES = YES;
				CLANG_WARN_SUSPICIOUS_MOVE = YES;
				CLANG_WARN_UNGUARDED_AVAILABILITY = YES_AGGRESSIVE;
				CLANG_WARN_UNREACHABLE_CODE = YES;
				CLANG_WARN__DUPLICATE_METHOD_MATCH = YES;
				COPY_PHASE_STRIP = NO;
				CURRENT_PROJECT_VERSION = 1;
				DEBUG_INFORMATION_FORMAT = dwarf;
				ENABLE_STRICT_OBJC_MSGSEND = YES;
				ENABLE_TESTABILITY = YES;
				ENABLE_USER_SCRIPT_SANDBOXING = YES;
				GCC_DYNAMIC_NO_PIC = NO;
				GCC_NO_COMMON_BLOCKS = YES;
				GCC_OPTIMIZATION_LEVEL = 0;
				GCC_PREPROCESSOR_DEFINITIONS = (
					"DEBUG=1",
					"$(inherited)",
				);
				GCC_WARN_64_TO_32_BIT_CONVERSION = YES;
				GCC_WARN_ABOUT_RETURN_TYPE = YES_ERROR;
				GCC_WARN_UNDECLARED_SELECTOR = YES;
				GCC_WARN_UNINITIALIZED_AUTOS = YES_AGGRESSIVE;
				GCC_WARN_UNUSED_FUNCTION = YES;
				GCC_WARN_UNUSED_VARIABLE = YES;
				GENERATE_INFOPLIST_FILE = YES;
				IPHONEOS_DEPLOYMENT_TARGET = 12.0;
				MARKETING_VERSION = 1;
				ONLY_ACTIVE_ARCH = YES;
				SDKROOT = iphoneos;
				SWIFT_ACTIVE_COMPILATION_CONDITIONS = DEBUG;
				SWIFT_OPTIMIZATION_LEVEL = "-Onone";
				VERSIONING_SYSTEM = "apple-generic";
			};
			name = Debug;
		};
		9B125B4F1FCF95CB00529304 /* Release */ = {
			isa = XCBuildConfiguration;
			buildSettings = {
				ALWAYS_SEARCH_USER_PATHS = NO;
				CLANG_ANALYZER_NONNULL = YES;
				CLANG_ANALYZER_NUMBER_OBJECT_CONVERSION = YES_AGGRESSIVE;
				CLANG_ENABLE_MODULES = YES;
				CLANG_ENABLE_OBJC_ARC = YES;
				CLANG_WARN_BLOCK_CAPTURE_AUTORELEASING = YES;
				CLANG_WARN_BOOL_CONVERSION = YES;
				CLANG_WARN_COMMA = YES;
				CLANG_WARN_CONSTANT_CONVERSION = YES;
				CLANG_WARN_DEPRECATED_OBJC_IMPLEMENTATIONS = YES;
				CLANG_WARN_DIRECT_OBJC_ISA_USAGE = YES_ERROR;
				CLANG_WARN_DOCUMENTATION_COMMENTS = YES;
				CLANG_WARN_EMPTY_BODY = YES;
				CLANG_WARN_ENUM_CONVERSION = YES;
				CLANG_WARN_INFINITE_RECURSION = YES;
				CLANG_WARN_INT_CONVERSION = YES;
				CLANG_WARN_NON_LITERAL_NULL_CONVERSION = YES;
				CLANG_WARN_OBJC_IMPLICIT_RETAIN_SELF = YES;
				CLANG_WARN_OBJC_LITERAL_CONVERSION = YES;
				CLANG_WARN_OBJC_ROOT_CLASS = YES_ERROR;
				CLANG_WARN_QUOTED_INCLUDE_IN_FRAMEWORK_HEADER = YES;
				CLANG_WARN_RANGE_LOOP_ANALYSIS = YES;
				CLANG_WARN_STRICT_PROTOTYPES = YES;
				CLANG_WARN_SUSPICIOUS_MOVE = YES;
				CLANG_WARN_UNGUARDED_AVAILABILITY = YES_AGGRESSIVE;
				CLANG_WARN_UNREACHABLE_CODE = YES;
				CLANG_WARN__DUPLICATE_METHOD_MATCH = YES;
				COPY_PHASE_STRIP = NO;
				CURRENT_PROJECT_VERSION = 1;
				DEBUG_INFORMATION_FORMAT = "dwarf-with-dsym";
				ENABLE_NS_ASSERTIONS = NO;
				ENABLE_STRICT_OBJC_MSGSEND = YES;
				ENABLE_USER_SCRIPT_SANDBOXING = YES;
				GCC_NO_COMMON_BLOCKS = YES;
				GCC_WARN_64_TO_32_BIT_CONVERSION = YES;
				GCC_WARN_ABOUT_RETURN_TYPE = YES_ERROR;
				GCC_WARN_UNDECLARED_SELECTOR = YES;
				GCC_WARN_UNINITIALIZED_AUTOS = YES_AGGRESSIVE;
				GCC_WARN_UNUSED_FUNCTION = YES;
				GCC_WARN_UNUSED_VARIABLE = YES;
				GENERATE_INFOPLIST_FILE = YES;
				IPHONEOS_DEPLOYMENT_TARGET = 12.0;
				MARKETING_VERSION = 1;
				SDKROOT = iphoneos;
				SWIFT_COMPILATION_MODE = wholemodule;
				SWIFT_OPTIMIZATION_LEVEL = "-O";
				VALIDATE_PRODUCT = YES;
				VERSIONING_SYSTEM = "apple-generic";
			};
			name = Release;
		};
		9B125B541FCF95CB00529304 /* Debug */ = {
			isa = XCBuildConfiguration;
			buildSettings = {
				BUNDLE_LOADER = "$(TEST_HOST)";
				"CODE_SIGN_IDENTITY[sdk=macosx*]" = "-";
				LD_RUNPATH_SEARCH_PATHS = (
					"$(inherited)",
					"@executable_path/Frameworks",
					"@loader_path/Frameworks",
				);
				PRODUCT_BUNDLE_IDENTIFIER = com.toddkramer.CodableKeychainTests;
				PRODUCT_NAME = "$(TARGET_NAME)";
				SWIFT_VERSION = 5.0;
				TARGETED_DEVICE_FAMILY = "1,2";
				TEST_HOST = "$(BUILT_PRODUCTS_DIR)/MobileHost.app/$(BUNDLE_EXECUTABLE_FOLDER_PATH)/MobileHost";
			};
			name = Debug;
		};
		9B125B551FCF95CB00529304 /* Release */ = {
			isa = XCBuildConfiguration;
			buildSettings = {
				BUNDLE_LOADER = "$(TEST_HOST)";
				"CODE_SIGN_IDENTITY[sdk=macosx*]" = "-";
				LD_RUNPATH_SEARCH_PATHS = (
					"$(inherited)",
					"@executable_path/Frameworks",
					"@loader_path/Frameworks",
				);
				PRODUCT_BUNDLE_IDENTIFIER = com.toddkramer.CodableKeychainTests;
				PRODUCT_NAME = "$(TARGET_NAME)";
				SWIFT_VERSION = 5.0;
				TARGETED_DEVICE_FAMILY = "1,2";
				TEST_HOST = "$(BUILT_PRODUCTS_DIR)/MobileHost.app/$(BUNDLE_EXECUTABLE_FOLDER_PATH)/MobileHost";
			};
			name = Release;
		};
		9B125BC71FD36F3B00529304 /* Debug */ = {
			isa = XCBuildConfiguration;
			buildSettings = {
				CODE_SIGN_ENTITLEMENTS = MobileHost.entitlements;
				CODE_SIGN_STYLE = Automatic;
				INFOPLIST_KEY_UILaunchScreen_Generation = YES;
				LD_RUNPATH_SEARCH_PATHS = (
					"$(inherited)",
					"@executable_path/Frameworks",
				);
				PRODUCT_BUNDLE_IDENTIFIER = com.toddkramer.MobileHost;
				PRODUCT_NAME = "$(TARGET_NAME)";
				PROVISIONING_PROFILE_SPECIFIER = "";
				SWIFT_VERSION = 5.0;
				TARGETED_DEVICE_FAMILY = "1,2";
			};
			name = Debug;
		};
		9B125BC81FD36F3B00529304 /* Release */ = {
			isa = XCBuildConfiguration;
			buildSettings = {
				CODE_SIGN_ENTITLEMENTS = MobileHost.entitlements;
				CODE_SIGN_STYLE = Automatic;
				INFOPLIST_KEY_UILaunchScreen_Generation = YES;
				LD_RUNPATH_SEARCH_PATHS = (
					"$(inherited)",
					"@executable_path/Frameworks",
				);
				PRODUCT_BUNDLE_IDENTIFIER = com.toddkramer.MobileHost;
				PRODUCT_NAME = "$(TARGET_NAME)";
				PROVISIONING_PROFILE_SPECIFIER = "";
				SWIFT_VERSION = 5.0;
				TARGETED_DEVICE_FAMILY = "1,2";
			};
			name = Release;
		};
/* End XCBuildConfiguration section */

/* Begin XCConfigurationList section */
		9B125B361FCF95CB00529304 /* Build configuration list for PBXProject "CodableKeychain" */ = {
			isa = XCConfigurationList;
			buildConfigurations = (
				9B125B4E1FCF95CB00529304 /* Debug */,
				9B125B4F1FCF95CB00529304 /* Release */,
			);
			defaultConfigurationIsVisible = 0;
			defaultConfigurationName = Release;
		};
		9B125B531FCF95CB00529304 /* Build configuration list for PBXNativeTarget "CodableKeychainMobileTests" */ = {
			isa = XCConfigurationList;
			buildConfigurations = (
				9B125B541FCF95CB00529304 /* Debug */,
				9B125B551FCF95CB00529304 /* Release */,
			);
			defaultConfigurationIsVisible = 0;
			defaultConfigurationName = Release;
		};
		9B125BC61FD36F3B00529304 /* Build configuration list for PBXNativeTarget "MobileHost" */ = {
			isa = XCConfigurationList;
			buildConfigurations = (
				9B125BC71FD36F3B00529304 /* Debug */,
				9B125BC81FD36F3B00529304 /* Release */,
			);
			defaultConfigurationIsVisible = 0;
			defaultConfigurationName = Release;
		};
/* End XCConfigurationList section */

/* Begin XCLocalSwiftPackageReference section */
		D95A4CE62B0AAB2800D5C9BC /* XCLocalSwiftPackageReference ".." */ = {
			isa = XCLocalSwiftPackageReference;
			relativePath = ..;
		};
/* End XCLocalSwiftPackageReference section */

/* Begin XCSwiftPackageProductDependency section */
		D95A4CE72B0AAB2800D5C9BC /* CodableKeychain */ = {
			isa = XCSwiftPackageProductDependency;
			productName = CodableKeychain;
		};
/* End XCSwiftPackageProductDependency section */
	};
	rootObject = 9B125B331FCF95CB00529304 /* Project object */;
}
